
Microsoft Visual Studio Solution File, Format Version 12.00
# Visual Studio Version 17
VisualStudioVersion = 17.11.35222.181
MinimumVisualStudioVersion = 10.0.40219.1
Project("{FAE04EC0-301F-11D3-BF4B-00C04F79EFBC}") = "sousede", "sousede\sousede.csproj", "{16B30D9A-1E10-4B88-9D87-F4A5FD6E8136}"
EndProject
Global
	GlobalSection(SolutionConfigurationPlatforms) = preSolution
		Debug|Any CPU = Debug|Any CPU
		Release|Any CPU = Release|Any CPU
	EndGlobalSection
	GlobalSection(ProjectConfigurationPlatforms) = postSolution
		{16B30D9A-1E10-4B88-9D87-F4A5FD6E8136}.Debug|Any CPU.ActiveCfg = Debug|Any CPU
		{16B30D9A-1E10-4B88-9D87-F4A5FD6E8136}.Debug|Any CPU.Build.0 = Debug|Any CPU
		{16B30D9A-1E10-4B88-9D87-F4A5FD6E8136}.Release|Any CPU.ActiveCfg = Release|Any CPU
		{16B30D9A-1E10-4B88-9D87-F4A5FD6E8136}.Release|Any CPU.Build.0 = Release|Any CPU
	EndGlobalSection
	GlobalSection(SolutionProperties) = preSolution
		HideSolutionNode = FALSE
	EndGlobalSection
	GlobalSection(ExtensibilityGlobals) = postSolution
		SolutionGuid = {B6E869F7-D821-4F67-81A9-6ECFE4A58460}
	EndGlobalSection
EndGlobal
