
Microsoft Visual Studio Solution File, Format Version 12.00
# Visual Studio Version 17
VisualStudioVersion = 17.11.35222.181
MinimumVisualStudioVersion = 10.0.40219.1
Project("{FAE04EC0-301F-11D3-BF4B-00C04F79EFBC}") = "FibonaccihoRadaPole", "FibonaccihoRadaPole\FibonaccihoRadaPole.csproj", "{A8EC1691-2B9B-48EC-82C3-30F1DE8A5927}"
EndProject
Global
	GlobalSection(SolutionConfigurationPlatforms) = preSolution
		Debug|Any CPU = Debug|Any CPU
		Release|Any CPU = Release|Any CPU
	EndGlobalSection
	GlobalSection(ProjectConfigurationPlatforms) = postSolution
		{A8EC1691-2B9B-48EC-82C3-30F1DE8A5927}.Debug|Any CPU.ActiveCfg = Debug|Any CPU
		{A8EC1691-2B9B-48EC-82C3-30F1DE8A5927}.Debug|Any CPU.Build.0 = Debug|Any CPU
		{A8EC1691-2B9B-48EC-82C3-30F1DE8A5927}.Release|Any CPU.ActiveCfg = Release|Any CPU
		{A8EC1691-2B9B-48EC-82C3-30F1DE8A5927}.Release|Any CPU.Build.0 = Release|Any CPU
	EndGlobalSection
	GlobalSection(SolutionProperties) = preSolution
		HideSolutionNode = FALSE
	EndGlobalSection
	GlobalSection(ExtensibilityGlobals) = postSolution
		SolutionGuid = {0A557A8C-119E-4BA0-A8B0-76B338F15C75}
	EndGlobalSection
EndGlobal
